
Microsoft Visual Studio Solution File, Format Version 12.00
# Visual Studio Version 16
VisualStudioVersion = 16.0.31112.23
MinimumVisualStudioVersion = 10.0.40219.1
Project("{2150E333-8FDC-42A3-9474-1A3956D46DE8}") = "src", "src", "{073DED4F-2677-4106-9EB4-342CD1AA1BC1}"
EndProject
Project("{2150E333-8FDC-42A3-9474-1A3956D46DE8}") = "test", "test", "{CB9FCCD5-4460-4518-BBCB-638462846B7A}"
EndProject
Project("{FAE04EC0-301F-11D3-BF4B-00C04F79EFBC}") = "ColorSound.Application", "src\ColorSound.Application\ColorSound.Application.csproj", "{31B1FD2C-B2E0-440F-80E5-6FF1DB1F3DC5}"
EndProject
Project("{9A19103F-16F7-4668-BE54-9A1E7A4F7556}") = "ColorSound.Core", "src\ColorSound.Core\ColorSound.Core.csproj", "{30DE65F6-AC1B-4787-A043-064DC6012FC4}"
EndProject
Project("{9A19103F-16F7-4668-BE54-9A1E7A4F7556}") = "ColorSound.Console", "src\ColorSound.Console\ColorSound.Console.csproj", "{0EDD62F9-0526-4B37-B26C-DC433B2940A6}"
EndProject
Project("{FAE04EC0-301F-11D3-BF4B-00C04F79EFBC}") = "ColorSound", "src\ColorSound\ColorSound.csproj", "{DC8641B5-1EBD-48F3-B324-FF3E47045F3E}"
EndProject
Global
	GlobalSection(SolutionConfigurationPlatforms) = preSolution
		Debug|Any CPU = Debug|Any CPU
		Debug|ARM = Debug|ARM
		Debug|ARM64 = Debug|ARM64
		Debug|x64 = Debug|x64
		Debug|x86 = Debug|x86
		Release|Any CPU = Release|Any CPU
		Release|ARM = Release|ARM
		Release|ARM64 = Release|ARM64
		Release|x64 = Release|x64
		Release|x86 = Release|x86
	EndGlobalSection
	GlobalSection(ProjectConfigurationPlatforms) = postSolution
		{31B1FD2C-B2E0-440F-80E5-6FF1DB1F3DC5}.Debug|Any CPU.ActiveCfg = Debug|Any CPU
		{31B1FD2C-B2E0-440F-80E5-6FF1DB1F3DC5}.Debug|Any CPU.Build.0 = Debug|Any CPU
		{31B1FD2C-B2E0-440F-80E5-6FF1DB1F3DC5}.Debug|ARM.ActiveCfg = Debug|ARM
		{31B1FD2C-B2E0-440F-80E5-6FF1DB1F3DC5}.Debug|ARM.Build.0 = Debug|ARM
		{31B1FD2C-B2E0-440F-80E5-6FF1DB1F3DC5}.Debug|ARM64.ActiveCfg = Debug|ARM64
		{31B1FD2C-B2E0-440F-80E5-6FF1DB1F3DC5}.Debug|ARM64.Build.0 = Debug|ARM64
		{31B1FD2C-B2E0-440F-80E5-6FF1DB1F3DC5}.Debug|x64.ActiveCfg = Debug|x64
		{31B1FD2C-B2E0-440F-80E5-6FF1DB1F3DC5}.Debug|x64.Build.0 = Debug|x64
		{31B1FD2C-B2E0-440F-80E5-6FF1DB1F3DC5}.Debug|x86.ActiveCfg = Debug|x64
		{31B1FD2C-B2E0-440F-80E5-6FF1DB1F3DC5}.Debug|x86.Build.0 = Debug|x64
		{31B1FD2C-B2E0-440F-80E5-6FF1DB1F3DC5}.Release|Any CPU.ActiveCfg = Release|Any CPU
		{31B1FD2C-B2E0-440F-80E5-6FF1DB1F3DC5}.Release|Any CPU.Build.0 = Release|Any CPU
		{31B1FD2C-B2E0-440F-80E5-6FF1DB1F3DC5}.Release|ARM.ActiveCfg = Release|ARM
		{31B1FD2C-B2E0-440F-80E5-6FF1DB1F3DC5}.Release|ARM.Build.0 = Release|ARM
		{31B1FD2C-B2E0-440F-80E5-6FF1DB1F3DC5}.Release|ARM64.ActiveCfg = Release|ARM64
		{31B1FD2C-B2E0-440F-80E5-6FF1DB1F3DC5}.Release|ARM64.Build.0 = Release|ARM64
		{31B1FD2C-B2E0-440F-80E5-6FF1DB1F3DC5}.Release|x64.ActiveCfg = Release|x64
		{31B1FD2C-B2E0-440F-80E5-6FF1DB1F3DC5}.Release|x64.Build.0 = Release|x64
		{31B1FD2C-B2E0-440F-80E5-6FF1DB1F3DC5}.Release|x86.ActiveCfg = Release|x86
		{31B1FD2C-B2E0-440F-80E5-6FF1DB1F3DC5}.Release|x86.Build.0 = Release|x86
		{30DE65F6-AC1B-4787-A043-064DC6012FC4}.Debug|Any CPU.ActiveCfg = Debug|Any CPU
		{30DE65F6-AC1B-4787-A043-064DC6012FC4}.Debug|Any CPU.Build.0 = Debug|Any CPU
		{30DE65F6-AC1B-4787-A043-064DC6012FC4}.Debug|ARM.ActiveCfg = Debug|Any CPU
		{30DE65F6-AC1B-4787-A043-064DC6012FC4}.Debug|ARM.Build.0 = Debug|Any CPU
		{30DE65F6-AC1B-4787-A043-064DC6012FC4}.Debug|ARM64.ActiveCfg = Debug|Any CPU
		{30DE65F6-AC1B-4787-A043-064DC6012FC4}.Debug|ARM64.Build.0 = Debug|Any CPU
		{30DE65F6-AC1B-4787-A043-064DC6012FC4}.Debug|x64.ActiveCfg = Debug|Any CPU
		{30DE65F6-AC1B-4787-A043-064DC6012FC4}.Debug|x64.Build.0 = Debug|Any CPU
		{30DE65F6-AC1B-4787-A043-064DC6012FC4}.Debug|x86.ActiveCfg = Debug|Any CPU
		{30DE65F6-AC1B-4787-A043-064DC6012FC4}.Debug|x86.Build.0 = Debug|Any CPU
		{30DE65F6-AC1B-4787-A043-064DC6012FC4}.Release|Any CPU.ActiveCfg = Release|Any CPU
		{30DE65F6-AC1B-4787-A043-064DC6012FC4}.Release|Any CPU.Build.0 = Release|Any CPU
		{30DE65F6-AC1B-4787-A043-064DC6012FC4}.Release|ARM.ActiveCfg = Release|Any CPU
		{30DE65F6-AC1B-4787-A043-064DC6012FC4}.Release|ARM.Build.0 = Release|Any CPU
		{30DE65F6-AC1B-4787-A043-064DC6012FC4}.Release|ARM64.ActiveCfg = Release|Any CPU
		{30DE65F6-AC1B-4787-A043-064DC6012FC4}.Release|ARM64.Build.0 = Release|Any CPU
		{30DE65F6-AC1B-4787-A043-064DC6012FC4}.Release|x64.ActiveCfg = Release|Any CPU
		{30DE65F6-AC1B-4787-A043-064DC6012FC4}.Release|x64.Build.0 = Release|Any CPU
		{30DE65F6-AC1B-4787-A043-064DC6012FC4}.Release|x86.ActiveCfg = Release|Any CPU
		{30DE65F6-AC1B-4787-A043-064DC6012FC4}.Release|x86.Build.0 = Release|Any CPU
		{0EDD62F9-0526-4B37-B26C-DC433B2940A6}.Debug|Any CPU.ActiveCfg = Debug|Any CPU
		{0EDD62F9-0526-4B37-B26C-DC433B2940A6}.Debug|Any CPU.Build.0 = Debug|Any CPU
		{0EDD62F9-0526-4B37-B26C-DC433B2940A6}.Debug|ARM.ActiveCfg = Debug|Any CPU
		{0EDD62F9-0526-4B37-B26C-DC433B2940A6}.Debug|ARM.Build.0 = Debug|Any CPU
		{0EDD62F9-0526-4B37-B26C-DC433B2940A6}.Debug|ARM64.ActiveCfg = Debug|Any CPU
		{0EDD62F9-0526-4B37-B26C-DC433B2940A6}.Debug|ARM64.Build.0 = Debug|Any CPU
		{0EDD62F9-0526-4B37-B26C-DC433B2940A6}.Debug|x64.ActiveCfg = Debug|Any CPU
		{0EDD62F9-0526-4B37-B26C-DC433B2940A6}.Debug|x64.Build.0 = Debug|Any CPU
		{0EDD62F9-0526-4B37-B26C-DC433B2940A6}.Debug|x86.ActiveCfg = Debug|Any CPU
		{0EDD62F9-0526-4B37-B26C-DC433B2940A6}.Debug|x86.Build.0 = Debug|Any CPU
		{0EDD62F9-0526-4B37-B26C-DC433B2940A6}.Release|Any CPU.ActiveCfg = Release|Any CPU
		{0EDD62F9-0526-4B37-B26C-DC433B2940A6}.Release|Any CPU.Build.0 = Release|Any CPU
		{0EDD62F9-0526-4B37-B26C-DC433B2940A6}.Release|ARM.ActiveCfg = Release|Any CPU
		{0EDD62F9-0526-4B37-B26C-DC433B2940A6}.Release|ARM.Build.0 = Release|Any CPU
		{0EDD62F9-0526-4B37-B26C-DC433B2940A6}.Release|ARM64.ActiveCfg = Release|Any CPU
		{0EDD62F9-0526-4B37-B26C-DC433B2940A6}.Release|ARM64.Build.0 = Release|Any CPU
		{0EDD62F9-0526-4B37-B26C-DC433B2940A6}.Release|x64.ActiveCfg = Release|Any CPU
		{0EDD62F9-0526-4B37-B26C-DC433B2940A6}.Release|x64.Build.0 = Release|Any CPU
		{0EDD62F9-0526-4B37-B26C-DC433B2940A6}.Release|x86.ActiveCfg = Release|Any CPU
		{0EDD62F9-0526-4B37-B26C-DC433B2940A6}.Release|x86.Build.0 = Release|Any CPU
		{DC8641B5-1EBD-48F3-B324-FF3E47045F3E}.Debug|Any CPU.ActiveCfg = Debug|x86
		{DC8641B5-1EBD-48F3-B324-FF3E47045F3E}.Debug|ARM.ActiveCfg = Debug|ARM
		{DC8641B5-1EBD-48F3-B324-FF3E47045F3E}.Debug|ARM.Build.0 = Debug|ARM
		{DC8641B5-1EBD-48F3-B324-FF3E47045F3E}.Debug|ARM.Deploy.0 = Debug|ARM
		{DC8641B5-1EBD-48F3-B324-FF3E47045F3E}.Debug|ARM64.ActiveCfg = Debug|x86
		{DC8641B5-1EBD-48F3-B324-FF3E47045F3E}.Debug|x64.ActiveCfg = Debug|x64
		{DC8641B5-1EBD-48F3-B324-FF3E47045F3E}.Debug|x64.Build.0 = Debug|x64
		{DC8641B5-1EBD-48F3-B324-FF3E47045F3E}.Debug|x64.Deploy.0 = Debug|x64
		{DC8641B5-1EBD-48F3-B324-FF3E47045F3E}.Debug|x86.ActiveCfg = Debug|x86
		{DC8641B5-1EBD-48F3-B324-FF3E47045F3E}.Debug|x86.Build.0 = Debug|x86
		{DC8641B5-1EBD-48F3-B324-FF3E47045F3E}.Debug|x86.Deploy.0 = Debug|x86
		{DC8641B5-1EBD-48F3-B324-FF3E47045F3E}.Release|Any CPU.ActiveCfg = Release|x86
		{DC8641B5-1EBD-48F3-B324-FF3E47045F3E}.Release|ARM.ActiveCfg = Release|ARM
		{DC8641B5-1EBD-48F3-B324-FF3E47045F3E}.Release|ARM.Build.0 = Release|ARM
		{DC8641B5-1EBD-48F3-B324-FF3E47045F3E}.Release|ARM.Deploy.0 = Release|ARM
		{DC8641B5-1EBD-48F3-B324-FF3E47045F3E}.Release|ARM64.ActiveCfg = Release|x86
		{DC8641B5-1EBD-48F3-B324-FF3E47045F3E}.Release|x64.ActiveCfg = Release|x64
		{DC8641B5-1EBD-48F3-B324-FF3E47045F3E}.Release|x64.Build.0 = Release|x64
		{DC8641B5-1EBD-48F3-B324-FF3E47045F3E}.Release|x64.Deploy.0 = Release|x64
		{DC8641B5-1EBD-48F3-B324-FF3E47045F3E}.Release|x86.ActiveCfg = Release|x86
		{DC8641B5-1EBD-48F3-B324-FF3E47045F3E}.Release|x86.Build.0 = Release|x86
		{DC8641B5-1EBD-48F3-B324-FF3E47045F3E}.Release|x86.Deploy.0 = Release|x86
	EndGlobalSection
	GlobalSection(SolutionProperties) = preSolution
		HideSolutionNode = FALSE
	EndGlobalSection
	GlobalSection(NestedProjects) = preSolution
		{31B1FD2C-B2E0-440F-80E5-6FF1DB1F3DC5} = {073DED4F-2677-4106-9EB4-342CD1AA1BC1}
		{30DE65F6-AC1B-4787-A043-064DC6012FC4} = {073DED4F-2677-4106-9EB4-342CD1AA1BC1}
		{0EDD62F9-0526-4B37-B26C-DC433B2940A6} = {073DED4F-2677-4106-9EB4-342CD1AA1BC1}
		{DC8641B5-1EBD-48F3-B324-FF3E47045F3E} = {073DED4F-2677-4106-9EB4-342CD1AA1BC1}
	EndGlobalSection
	GlobalSection(ExtensibilityGlobals) = postSolution
		SolutionGuid = {237C2B77-3932-4802-9BFB-B42D33DAB740}
	EndGlobalSection
EndGlobal
